
Microsoft Visual Studio Solution File, Format Version 12.00
# Visual Studio Version 17
VisualStudioVersion = 17.5.33502.453
MinimumVisualStudioVersion = 10.0.40219.1
Project("{FAE04EC0-301F-11D3-BF4B-00C04F79EFBC}") = "WindowsFormsApp1", "WindowsFormsApp1.csproj", "{AE9400C8-5B6A-4333-A454-813930BA1466}"
EndProject
Global
	GlobalSection(SolutionConfigurationPlatforms) = preSolution
		Debug|Any CPU = Debug|Any CPU
		Release|Any CPU = Release|Any CPU
	EndGlobalSection
	GlobalSection(ProjectConfigurationPlatforms) = postSolution
		{AE9400C8-5B6A-4333-A454-813930BA1466}.Debug|Any CPU.ActiveCfg = Debug|Any CPU
		{AE9400C8-5B6A-4333-A454-813930BA1466}.Debug|Any CPU.Build.0 = Debug|Any CPU
		{AE9400C8-5B6A-4333-A454-813930BA1466}.Release|Any CPU.ActiveCfg = Release|Any CPU
		{AE9400C8-5B6A-4333-A454-813930BA1466}.Release|Any CPU.Build.0 = Release|Any CPU
	EndGlobalSection
	GlobalSection(SolutionProperties) = preSolution
		HideSolutionNode = FALSE
	EndGlobalSection
	GlobalSection(ExtensibilityGlobals) = postSolution
		SolutionGuid = {811414D9-A528-4385-8E78-195606AA7B86}
	EndGlobalSection
EndGlobal
